<?xml version="1.0" encoding="utf-8"?>
<Project ToolsVersion="4.0" xmlns="http://schemas.microsoft.com/developer/msbuild/2003">
  <ItemGroup>
    <Filter Include="Source Files">
      <UniqueIdentifier>{4FC737F1-C7A5-4376-A066-2A32D752A2FF}</UniqueIdentifier>
      <Extensions>cpp;c;cc;cxx;def;odl;idl;hpj;bat;asm;asmx</Extensions>
    </Filter>
    <Filter Include="Header Files">
      <UniqueIdentifier>{93995380-89BD-4b04-88EB-625FBE52EBFB}</UniqueIdentifier>
      <Extensions>h;hpp;hxx;hm;inl;inc;xsd</Extensions>
    </Filter>
    <Filter Include="Resource Files">
      <UniqueIdentifier>{67DA6AB6-F800-4c08-8B7A-83BB121AAD01}</UniqueIdentifier>
      <Extensions>rc;ico;cur;bmp;dlg;rc2;rct;bin;rgs;gif;jpg;jpeg;jpe;resx;tiff;tif;png;wav;mfcribbon-ms</Extensions>
    </Filter>
  </ItemGroup>
  <ItemGroup>
    <ClCompile Include="direct.cpp">
      <Filter>Source Files</Filter>
    </ClCompile>
    <ClCompile Include="direct_static_scalar.cpp">
      <Filter>Source Files</Filter>
    </ClCompile>
    <ClCompile Include="direct_static_vector.cpp">
      <Filter>Source Files</Filter>
    </ClCompile>
    <ClCompile Include="domain.cpp">
      <Filter>Source Files</Filter>
    </ClCompile>
    <ClCompile Include="field.cpp">
      <Filter>Source Files</Filter>
    </ClCompile>
    <ClCompile Include="field_static_scalar.cpp">
      <Filter>Source Files</Filter>
    </ClCompile>
    <ClCompile Include="field_static_vector.cpp">
      <Filter>Source Files</Filter>
    </ClCompile>
    <ClCompile Include="InterfaceFor.cpp">
      <Filter>Source Files</Filter>
    </ClCompile>
    <ClCompile Include="nbodyfast.cpp">
      <Filter>Source Files</Filter>
    </ClCompile>
    <ClCompile Include="nufft.cpp">
      <Filter>Source Files</Filter>
    </ClCompile>
    <ClCompile Include="nufft_static_scalar.cpp">
      <Filter>Source Files</Filter>
    </ClCompile>
    <ClCompile Include="nufft_static_vector.cpp">
      <Filter>Source Files</Filter>
    </ClCompile>
  </ItemGroup>
  <ItemGroup>
    <ClInclude Include="direct.h">
      <Filter>Header Files</Filter>
    </ClInclude>
    <ClInclude Include="direct_static_scalar.h">
      <Filter>Header Files</Filter>
    </ClInclude>
    <ClInclude Include="direct_static_vector.h">
      <Filter>Header Files</Filter>
    </ClInclude>
    <ClInclude Include="domain.h">
      <Filter>Header Files</Filter>
    </ClInclude>
    <ClInclude Include="error.h">
      <Filter>Header Files</Filter>
    </ClInclude>
    <ClInclude Include="fftw3.h">
      <Filter>Header Files</Filter>
    </ClInclude>
    <ClInclude Include="field.h">
      <Filter>Header Files</Filter>
    </ClInclude>
    <ClInclude Include="field_static_scalar.h">
      <Filter>Header Files</Filter>
    </ClInclude>
    <ClInclude Include="field_static_vector.h">
      <Filter>Header Files</Filter>
    </ClInclude>
    <ClInclude Include="fp_precision.h">
      <Filter>Header Files</Filter>
    </ClInclude>
    <ClInclude Include="gpu_headers.h">
      <Filter>Header Files</Filter>
    </ClInclude>
    <ClInclude Include="imp_matrix.h">
      <Filter>Header Files</Filter>
    </ClInclude>
    <ClInclude Include="imp_matrix_static_scalar.h">
      <Filter>Header Files</Filter>
    </ClInclude>
    <ClInclude Include="imp_matrix_static_vector.h">
      <Filter>Header Files</Filter>
    </ClInclude>
    <ClInclude Include="input.h">
      <Filter>Header Files</Filter>
    </ClInclude>
    <ClInclude Include="memory.h">
      <Filter>Header Files</Filter>
    </ClInclude>
    <ClInclude Include="nbodyfast.h">
      <Filter>Header Files</Filter>
    </ClInclude>
    <ClInclude Include="nufft.h">
      <Filter>Header Files</Filter>
    </ClInclude>
    <ClInclude Include="nufft_static_scalar.h">
      <Filter>Header Files</Filter>
    </ClInclude>
    <ClInclude Include="nufft_static_vector.h">
      <Filter>Header Files</Filter>
    </ClInclude>
    <ClInclude Include="output.h">
      <Filter>Header Files</Filter>
    </ClInclude>
    <ClInclude Include="timer.h">
      <Filter>Header Files</Filter>
    </ClInclude>
  </ItemGroup>
  <ItemGroup>
    <None Include="..\..\OriginalGaranin\Criteria\criteria.ini">
      <Filter>Resource Files</Filter>
    </None>
    <None Include="..\..\OriginalGaranin\Criteria\laser.ini">
      <Filter>Resource Files</Filter>
    </None>
    <None Include="..\..\OriginalGaranin\Criteria\multilayer_media.ini">
      <Filter>Resource Files</Filter>
    </None>
  </ItemGroup>
  <ItemGroup>
    <Text Include="..\..\OriginalGaranin\ExternalField\Box_Field.txt">
      <Filter>Resource Files</Filter>
    </Text>
    <Text Include="..\..\OriginalGaranin\ExternalField\Head_Info.txt">
      <Filter>Resource Files</Filter>
    </Text>
    <Text Include="..\..\OriginalGaranin\ExternalField\HxStatic.txt">
      <Filter>Resource Files</Filter>
    </Text>
    <Text Include="..\..\OriginalGaranin\ExternalField\HyStatic.txt">
      <Filter>Resource Files</Filter>
    </Text>
    <Text Include="..\..\OriginalGaranin\ExternalField\HzStatic.txt">
      <Filter>Resource Files</Filter>
    </Text>
    <Text Include="..\..\OriginalGaranin\ExternalField\MH_loop.txt">
      <Filter>Resource Files</Filter>
    </Text>
    <Text Include="..\..\OriginalGaranin\ExternalField\optical_field.txt">
      <Filter>Resource Files</Filter>
    </Text>
    <Text Include="..\..\OriginalGaranin\ExternalField\time_modulation.txt">
      <Filter>Resource Files</Filter>
    </Text>
  </ItemGroup>
</Project>